{
  "name": "example",
  "version": "1.0.0",
  "lockfileVersion": 2,
  "requires": true,
  "packages": {
    "": {
      "version": "1.0.0",
      "license": "ISC",
      "dependencies": {
        "@anantasak-pcru/pdf-creator-node": "^1.0.0"
      }
    },
    "node_modules/@anantasak-pcru/pdf-creator-node": {
      "version": "1.0.0",
      "resolved": "https://npm.pkg.github.com/download/@anantasak-pcru/pdf-creator-node/1.0.0/a173caf3640c75fdbea44b1ca7427c669dd324a04baacacf6c06ddcf3f140e21",
      "integrity": "sha512-By2dcbqMINFsmCLn3KoiIN61HzX/5aSWLyR7ERraPFzGIxfbMg31Ui2/Xo2q+sMAYIDUp5k4zAZsTgfNAP6p3g==",
      "license": "MIT"
    }
  },
  "dependencies": {
    "@anantasak-pcru/pdf-creator-node": {
      "version": "1.0.0",
      "resolved": "https://npm.pkg.github.com/download/@anantasak-pcru/pdf-creator-node/1.0.0/a173caf3640c75fdbea44b1ca7427c669dd324a04baacacf6c06ddcf3f140e21",
      "integrity": "sha512-By2dcbqMINFsmCLn3KoiIN61HzX/5aSWLyR7ERraPFzGIxfbMg31Ui2/Xo2q+sMAYIDUp5k4zAZsTgfNAP6p3g=="
    }
  }
}
